{
  "name": "repro-sentry",
  "version": "1.0.0",
  "lockfileVersion": 3,
  "requires": true,
  "packages": {
    "": {
      "name": "repro-sentry",
      "version": "1.0.0",
      "license": "ISC",
      "dependencies": {
        "@sentry/node": "^10.38.0"
      }
    },
    "node_modules/@apm-js-collab/code-transformer": {
      "version": "0.8.2",
      "resolved": "https://registry.npmjs.org/@apm-js-collab/code-transformer/-/code-transformer-0.8.2.tgz",
      "integrity": "sha512-YRjJjNq5KFSjDUoqu5pFUWrrsvGOxl6c3bu+uMFc9HNNptZ2rNU/TI2nLw4jnhQNtka972Ee2m3uqbvDQtPeCA==",
      "license": "Apache-2.0"
    },
    "node_modules/@apm-js-collab/tracing-hooks": {
      "version": "0.3.1",
      "resolved": "https://registry.npmjs.org/@apm-js-collab/tracing-hooks/-/tracing-hooks-0.3.1.tgz",
      "integrity": "sha512-Vu1CbmPURlN5fTboVuKMoJjbO5qcq9fA5YXpskx3dXe/zTBvjODFoerw+69rVBlRLrJpwPqSDqEuJDEKIrTldw==",
      "license": "Apache-2.0",
      "dependencies": {
        "@apm-js-collab/code-transformer": "^0.8.0",
        "debug": "^4.4.1",
        "module-details-from-path": "^1.0.4"
      }
    },
    "node_modules/@opentelemetry/api": {
      "version": "1.9.0",
      "resolved": "https://registry.npmjs.org/@opentelemetry/api/-/api-1.9.0.tgz",
      "integrity": "sha512-3giAOQvZiH5F9bMlMiv8+GSPMeqg0dbaeo58/0SlA9sxSqZhnUtxzX9/2FzyhS9sWQf5S0GJE0AKBrFqjpeYcg==",
      "license": "Apache-2.0",
      "peer": true,
      "engines": {
        "node": ">=8.0.0"
      }
    },
    "node_modules/@opentelemetry/api-logs": {
      "version": "0.211.0",
      "resolved": "https://registry.npmjs.org/@opentelemetry/api-logs/-/api-logs-0.211.0.tgz",
      "integrity": "sha512-swFdZq8MCdmdR22jTVGQDhwqDzcI4M10nhjXkLr1EsIzXgZBqm4ZlmmcWsg3TSNf+3mzgOiqveXmBLZuDi2Lgg==",
      "license": "Apache-2.0",
      "dependencies": {
        "@opentelemetry/api": "^1.3.0"
      },
      "engines": {
        "node": ">=8.0.0"
      }
    },
    "node_modules/@opentelemetry/context-async-hooks": {
      "version": "2.5.0",
      "resolved": "https://registry.npmjs.org/@opentelemetry/context-async-hooks/-/context-async-hooks-2.5.0.tgz",
      "integrity": "sha512-uOXpVX0ZjO7heSVjhheW2XEPrhQAWr2BScDPoZ9UDycl5iuHG+Usyc3AIfG6kZeC1GyLpMInpQ6X5+9n69yOFw==",
      "license": "Apache-2.0",
      "peer": true,
      "engines": {
        "node": "^18.19.0 || >=20.6.0"
      },
      "peerDependencies": {
        "@opentelemetry/api": ">=1.0.0 <1.10.0"
      }
    },
    "node_modules/@opentelemetry/core": {
      "version": "2.5.0",
      "resolved": "https://registry.npmjs.org/@opentelemetry/core/-/core-2.5.0.tgz",
      "integrity": "sha512-ka4H8OM6+DlUhSAZpONu0cPBtPPTQKxbxVzC4CzVx5+K4JnroJVBtDzLAMx4/3CDTJXRvVFhpFjtl4SaiTNoyQ==",
      "license": "Apache-2.0",
      "peer": true,
      "dependencies": {
        "@opentelemetry/semantic-conventions": "^1.29.0"
      },
      "engines": {
        "node": "^18.19.0 || >=20.6.0"
      },
      "peerDependencies": {
        "@opentelemetry/api": ">=1.0.0 <1.10.0"
      }
    },
    "node_modules/@opentelemetry/instrumentation": {
      "version": "0.211.0",
      "resolved": "https://registry.npmjs.org/@opentelemetry/instrumentation/-/instrumentation-0.211.0.tgz",
      "integrity": "sha512-h0nrZEC/zvI994nhg7EgQ8URIHt0uDTwN90r3qQUdZORS455bbx+YebnGeEuFghUT0HlJSrLF4iHw67f+odY+Q==",
      "license": "Apache-2.0",
      "peer": true,
      "dependencies": {
        "@opentelemetry/api-logs": "0.211.0",
        "import-in-the-middle": "^2.0.0",
        "require-in-the-middle": "^8.0.0"
      },
      "engines": {
        "node": "^18.19.0 || >=20.6.0"
      },
      "peerDependencies": {
        "@opentelemetry/api": "^1.3.0"
      }
    },
    "node_modules/@opentelemetry/instrumentation-amqplib": {
      "version": "0.58.0",
      "resolved": "https://registry.npmjs.org/@opentelemetry/instrumentation-amqplib/-/instrumentation-amqplib-0.58.0.tgz",
      "integrity": "sha512-fjpQtH18J6GxzUZ+cwNhWUpb71u+DzT7rFkg5pLssDGaEber91Y2WNGdpVpwGivfEluMlNMZumzjEqfg8DeKXQ==",
      "license": "Apache-2.0",
      "dependencies": {
        "@opentelemetry/core": "^2.0.0",
        "@opentelemetry/instrumentation": "^0.211.0",
        "@opentelemetry/semantic-conventions": "^1.33.0"
      },
      "engines": {
        "node": "^18.19.0 || >=20.6.0"
      },
      "peerDependencies": {
        "@opentelemetry/api": "^1.3.0"
      }
    },
    "node_modules/@opentelemetry/instrumentation-connect": {
      "version": "0.54.0",
      "resolved": "https://registry.npmjs.org/@opentelemetry/instrumentation-connect/-/instrumentation-connect-0.54.0.tgz",
      "integrity": "sha512-43RmbhUhqt3uuPnc16cX6NsxEASEtn8z/cYV8Zpt6EP4p2h9s4FNuJ4Q9BbEQ2C0YlCCB/2crO1ruVz/hWt8fA==",
      "license": "Apache-2.0",
      "dependencies": {
        "@opentelemetry/core": "^2.0.0",
        "@opentelemetry/instrumentation": "^0.211.0",
        "@opentelemetry/semantic-conventions": "^1.27.0",
        "@types/connect": "3.4.38"
      },
      "engines": {
        "node": "^18.19.0 || >=20.6.0"
      },
      "peerDependencies": {
        "@opentelemetry/api": "^1.3.0"
      }
    },
    "node_modules/@opentelemetry/instrumentation-dataloader": {
      "version": "0.28.0",
      "resolved": "https://registry.npmjs.org/@opentelemetry/instrumentation-dataloader/-/instrumentation-dataloader-0.28.0.tgz",
      "integrity": "sha512-ExXGBp0sUj8yhm6Znhf9jmuOaGDsYfDES3gswZnKr4MCqoBWQdEFn6EoDdt5u+RdbxQER+t43FoUihEfTSqsjA==",
      "license": "Apache-2.0",
      "dependencies": {
        "@opentelemetry/instrumentation": "^0.211.0"
      },
      "engines": {
        "node": "^18.19.0 || >=20.6.0"
      },
      "peerDependencies": {
        "@opentelemetry/api": "^1.3.0"
      }
    },
    "node_modules/@opentelemetry/instrumentation-express": {
      "version": "0.59.0",
      "resolved": "https://registry.npmjs.org/@opentelemetry/instrumentation-express/-/instrumentation-express-0.59.0.tgz",
      "integrity": "sha512-pMKV/qnHiW/Q6pmbKkxt0eIhuNEtvJ7sUAyee192HErlr+a1Jx+FZ3WjfmzhQL1geewyGEiPGkmjjAgNY8TgDA==",
      "license": "Apache-2.0",
      "dependencies": {
        "@opentelemetry/core": "^2.0.0",
        "@opentelemetry/instrumentation": "^0.211.0",
        "@opentelemetry/semantic-conventions": "^1.27.0"
      },
      "engines": {
        "node": "^18.19.0 || >=20.6.0"
      },
      "peerDependencies": {
        "@opentelemetry/api": "^1.3.0"
      }
    },
    "node_modules/@opentelemetry/instrumentation-fs": {
      "version": "0.30.0",
      "resolved": "https://registry.npmjs.org/@opentelemetry/instrumentation-fs/-/instrumentation-fs-0.30.0.tgz",
      "integrity": "sha512-n3Cf8YhG7reaj5dncGlRIU7iT40bxPOjsBEA5Bc1a1g6e9Qvb+JFJ7SEiMlPbUw4PBmxE3h40ltE8LZ3zVt6OA==",
      "license": "Apache-2.0",
      "dependencies": {
        "@opentelemetry/core": "^2.0.0",
        "@opentelemetry/instrumentation": "^0.211.0"
      },
      "engines": {
        "node": "^18.19.0 || >=20.6.0"
      },
      "peerDependencies": {
        "@opentelemetry/api": "^1.3.0"
      }
    },
    "node_modules/@opentelemetry/instrumentation-generic-pool": {
      "version": "0.54.0",
      "resolved": "https://registry.npmjs.org/@opentelemetry/instrumentation-generic-pool/-/instrumentation-generic-pool-0.54.0.tgz",
      "integrity": "sha512-8dXMBzzmEdXfH/wjuRvcJnUFeWzZHUnExkmFJ2uPfa31wmpyBCMxO59yr8f/OXXgSogNgi/uPo9KW9H7LMIZ+g==",
      "license": "Apache-2.0",
      "dependencies": {
        "@opentelemetry/instrumentation": "^0.211.0"
      },
      "engines": {
        "node": "^18.19.0 || >=20.6.0"
      },
      "peerDependencies": {
        "@opentelemetry/api": "^1.3.0"
      }
    },
    "node_modules/@opentelemetry/instrumentation-graphql": {
      "version": "0.58.0",
      "resolved": "https://registry.npmjs.org/@opentelemetry/instrumentation-graphql/-/instrumentation-graphql-0.58.0.tgz",
      "integrity": "sha512-+yWVVY7fxOs3j2RixCbvue8vUuJ1inHxN2q1sduqDB0Wnkr4vOzVKRYl/Zy7B31/dcPS72D9lo/kltdOTBM3bQ==",
      "license": "Apache-2.0",
      "dependencies": {
        "@opentelemetry/instrumentation": "^0.211.0"
      },
      "engines": {
        "node": "^18.19.0 || >=20.6.0"
      },
      "peerDependencies": {
        "@opentelemetry/api": "^1.3.0"
      }
    },
    "node_modules/@opentelemetry/instrumentation-hapi": {
      "version": "0.57.0",
      "resolved": "https://registry.npmjs.org/@opentelemetry/instrumentation-hapi/-/instrumentation-hapi-0.57.0.tgz",
      "integrity": "sha512-Os4THbvls8cTQTVA8ApLfZZztuuqGEeqog0XUnyRW7QVF0d/vOVBEcBCk1pazPFmllXGEdNbbat8e2fYIWdFbw==",
      "license": "Apache-2.0",
      "dependencies": {
        "@opentelemetry/core": "^2.0.0",
        "@opentelemetry/instrumentation": "^0.211.0",
        "@opentelemetry/semantic-conventions": "^1.27.0"
      },
      "engines": {
        "node": "^18.19.0 || >=20.6.0"
      },
      "peerDependencies": {
        "@opentelemetry/api": "^1.3.0"
      }
    },
    "node_modules/@opentelemetry/instrumentation-http": {
      "version": "0.211.0",
      "resolved": "https://registry.npmjs.org/@opentelemetry/instrumentation-http/-/instrumentation-http-0.211.0.tgz",
      "integrity": "sha512-n0IaQ6oVll9PP84SjbOCwDjaJasWRHi6BLsbMLiT6tNj7QbVOkuA5sk/EfZczwI0j5uTKl1awQPivO/ldVtsqA==",
      "license": "Apache-2.0",
      "dependencies": {
        "@opentelemetry/core": "2.5.0",
        "@opentelemetry/instrumentation": "0.211.0",
        "@opentelemetry/semantic-conventions": "^1.29.0",
        "forwarded-parse": "2.1.2"
      },
      "engines": {
        "node": "^18.19.0 || >=20.6.0"
      },
      "peerDependencies": {
        "@opentelemetry/api": "^1.3.0"
      }
    },
    "node_modules/@opentelemetry/instrumentation-ioredis": {
      "version": "0.59.0",
      "resolved": "https://registry.npmjs.org/@opentelemetry/instrumentation-ioredis/-/instrumentation-ioredis-0.59.0.tgz",
      "integrity": "sha512-875UxzBHWkW+P4Y45SoFM2AR8f8TzBMD8eO7QXGCyFSCUMP5s9vtt/BS8b/r2kqLyaRPK6mLbdnZznK3XzQWvw==",
      "license": "Apache-2.0",
      "dependencies": {
        "@opentelemetry/instrumentation": "^0.211.0",
        "@opentelemetry/redis-common": "^0.38.2",
        "@opentelemetry/semantic-conventions": "^1.33.0"
      },
      "engines": {
        "node": "^18.19.0 || >=20.6.0"
      },
      "peerDependencies": {
        "@opentelemetry/api": "^1.3.0"
      }
    },
    "node_modules/@opentelemetry/instrumentation-kafkajs": {
      "version": "0.20.0",
      "resolved": "https://registry.npmjs.org/@opentelemetry/instrumentation-kafkajs/-/instrumentation-kafkajs-0.20.0.tgz",
      "integrity": "sha512-yJXOuWZROzj7WmYCUiyT27tIfqBrVtl1/TwVbQyWPz7rL0r1Lu7kWjD0PiVeTCIL6CrIZ7M2s8eBxsTAOxbNvw==",
      "license": "Apache-2.0",
      "dependencies": {
        "@opentelemetry/instrumentation": "^0.211.0",
        "@opentelemetry/semantic-conventions": "^1.30.0"
      },
      "engines": {
        "node": "^18.19.0 || >=20.6.0"
      },
      "peerDependencies": {
        "@opentelemetry/api": "^1.3.0"
      }
    },
    "node_modules/@opentelemetry/instrumentation-knex": {
      "version": "0.55.0",
      "resolved": "https://registry.npmjs.org/@opentelemetry/instrumentation-knex/-/instrumentation-knex-0.55.0.tgz",
      "integrity": "sha512-FtTL5DUx5Ka/8VK6P1VwnlUXPa3nrb7REvm5ddLUIeXXq4tb9pKd+/ThB1xM/IjefkRSN3z8a5t7epYw1JLBJQ==",
      "license": "Apache-2.0",
      "dependencies": {
        "@opentelemetry/instrumentation": "^0.211.0",
        "@opentelemetry/semantic-conventions": "^1.33.1"
      },
      "engines": {
        "node": "^18.19.0 || >=20.6.0"
      },
      "peerDependencies": {
        "@opentelemetry/api": "^1.3.0"
      }
    },
    "node_modules/@opentelemetry/instrumentation-koa": {
      "version": "0.59.0",
      "resolved": "https://registry.npmjs.org/@opentelemetry/instrumentation-koa/-/instrumentation-koa-0.59.0.tgz",
      "integrity": "sha512-K9o2skADV20Skdu5tG2bogPKiSpXh4KxfLjz6FuqIVvDJNibwSdu5UvyyBzRVp1rQMV6UmoIk6d3PyPtJbaGSg==",
      "license": "Apache-2.0",
      "dependencies": {
        "@opentelemetry/core": "^2.0.0",
        "@opentelemetry/instrumentation": "^0.211.0",
        "@opentelemetry/semantic-conventions": "^1.36.0"
      },
      "engines": {
        "node": "^18.19.0 || >=20.6.0"
      },
      "peerDependencies": {
        "@opentelemetry/api": "^1.9.0"
      }
    },
    "node_modules/@opentelemetry/instrumentation-lru-memoizer": {
      "version": "0.55.0",
      "resolved": "https://registry.npmjs.org/@opentelemetry/instrumentation-lru-memoizer/-/instrumentation-lru-memoizer-0.55.0.tgz",
      "integrity": "sha512-FDBfT7yDGcspN0Cxbu/k8A0Pp1Jhv/m7BMTzXGpcb8ENl3tDj/51U65R5lWzUH15GaZA15HQ5A5wtafklxYj7g==",
      "license": "Apache-2.0",
      "dependencies": {
        "@opentelemetry/instrumentation": "^0.211.0"
      },
      "engines": {
        "node": "^18.19.0 || >=20.6.0"
      },
      "peerDependencies": {
        "@opentelemetry/api": "^1.3.0"
      }
    },
    "node_modules/@opentelemetry/instrumentation-mongodb": {
      "version": "0.64.0",
      "resolved": "https://registry.npmjs.org/@opentelemetry/instrumentation-mongodb/-/instrumentation-mongodb-0.64.0.tgz",
      "integrity": "sha512-pFlCJjweTqVp7B220mCvCld1c1eYKZfQt1p3bxSbcReypKLJTwat+wbL2YZoX9jPi5X2O8tTKFEOahO5ehQGsA==",
      "license": "Apache-2.0",
      "dependencies": {
        "@opentelemetry/instrumentation": "^0.211.0",
        "@opentelemetry/semantic-conventions": "^1.33.0"
      },
      "engines": {
        "node": "^18.19.0 || >=20.6.0"
      },
      "peerDependencies": {
        "@opentelemetry/api": "^1.3.0"
      }
    },
    "node_modules/@opentelemetry/instrumentation-mongoose": {
      "version": "0.57.0",
      "resolved": "https://registry.npmjs.org/@opentelemetry/instrumentation-mongoose/-/instrumentation-mongoose-0.57.0.tgz",
      "integrity": "sha512-MthiekrU/BAJc5JZoZeJmo0OTX6ycJMiP6sMOSRTkvz5BrPMYDqaJos0OgsLPL/HpcgHP7eo5pduETuLguOqcg==",
      "license": "Apache-2.0",
      "dependencies": {
        "@opentelemetry/core": "^2.0.0",
        "@opentelemetry/instrumentation": "^0.211.0",
        "@opentelemetry/semantic-conventions": "^1.33.0"
      },
      "engines": {
        "node": "^18.19.0 || >=20.6.0"
      },
      "peerDependencies": {
        "@opentelemetry/api": "^1.3.0"
      }
    },
    "node_modules/@opentelemetry/instrumentation-mysql": {
      "version": "0.57.0",
      "resolved": "https://registry.npmjs.org/@opentelemetry/instrumentation-mysql/-/instrumentation-mysql-0.57.0.tgz",
      "integrity": "sha512-HFS/+FcZ6Q7piM7Il7CzQ4VHhJvGMJWjx7EgCkP5AnTntSN5rb5Xi3TkYJHBKeR27A0QqPlGaCITi93fUDs++Q==",
      "license": "Apache-2.0",
      "dependencies": {
        "@opentelemetry/instrumentation": "^0.211.0",
        "@opentelemetry/semantic-conventions": "^1.33.0",
        "@types/mysql": "2.15.27"
      },
      "engines": {
        "node": "^18.19.0 || >=20.6.0"
      },
      "peerDependencies": {
        "@opentelemetry/api": "^1.3.0"
      }
    },
    "node_modules/@opentelemetry/instrumentation-mysql2": {
      "version": "0.57.0",
      "resolved": "https://registry.npmjs.org/@opentelemetry/instrumentation-mysql2/-/instrumentation-mysql2-0.57.0.tgz",
      "integrity": "sha512-nHSrYAwF7+aV1E1V9yOOP9TchOodb6fjn4gFvdrdQXiRE7cMuffyLLbCZlZd4wsspBzVwOXX8mpURdRserAhNA==",
      "license": "Apache-2.0",
      "dependencies": {
        "@opentelemetry/instrumentation": "^0.211.0",
        "@opentelemetry/semantic-conventions": "^1.33.0",
        "@opentelemetry/sql-common": "^0.41.2"
      },
      "engines": {
        "node": "^18.19.0 || >=20.6.0"
      },
      "peerDependencies": {
        "@opentelemetry/api": "^1.3.0"
      }
    },
    "node_modules/@opentelemetry/instrumentation-pg": {
      "version": "0.63.0",
      "resolved": "https://registry.npmjs.org/@opentelemetry/instrumentation-pg/-/instrumentation-pg-0.63.0.tgz",
      "integrity": "sha512-dKm/ODNN3GgIQVlbD6ZPxwRc3kleLf95hrRWXM+l8wYo+vSeXtEpQPT53afEf6VFWDVzJK55VGn8KMLtSve/cg==",
      "license": "Apache-2.0",
      "dependencies": {
        "@opentelemetry/core": "^2.0.0",
        "@opentelemetry/instrumentation": "^0.211.0",
        "@opentelemetry/semantic-conventions": "^1.34.0",
        "@opentelemetry/sql-common": "^0.41.2",
        "@types/pg": "8.15.6",
        "@types/pg-pool": "2.0.7"
      },
      "engines": {
        "node": "^18.19.0 || >=20.6.0"
      },
      "peerDependencies": {
        "@opentelemetry/api": "^1.3.0"
      }
    },
    "node_modules/@opentelemetry/instrumentation-redis": {
      "version": "0.59.0",
      "resolved": "https://registry.npmjs.org/@opentelemetry/instrumentation-redis/-/instrumentation-redis-0.59.0.tgz",
      "integrity": "sha512-JKv1KDDYA2chJ1PC3pLP+Q9ISMQk6h5ey+99mB57/ARk0vQPGZTTEb4h4/JlcEpy7AYT8HIGv7X6l+br03Neeg==",
      "license": "Apache-2.0",
      "dependencies": {
        "@opentelemetry/instrumentation": "^0.211.0",
        "@opentelemetry/redis-common": "^0.38.2",
        "@opentelemetry/semantic-conventions": "^1.27.0"
      },
      "engines": {
        "node": "^18.19.0 || >=20.6.0"
      },
      "peerDependencies": {
        "@opentelemetry/api": "^1.3.0"
      }
    },
    "node_modules/@opentelemetry/instrumentation-tedious": {
      "version": "0.30.0",
      "resolved": "https://registry.npmjs.org/@opentelemetry/instrumentation-tedious/-/instrumentation-tedious-0.30.0.tgz",
      "integrity": "sha512-bZy9Q8jFdycKQ2pAsyuHYUHNmCxCOGdG6eg1Mn75RvQDccq832sU5OWOBnc12EFUELI6icJkhR7+EQKMBam2GA==",
      "license": "Apache-2.0",
      "dependencies": {
        "@opentelemetry/instrumentation": "^0.211.0",
        "@opentelemetry/semantic-conventions": "^1.33.0",
        "@types/tedious": "^4.0.14"
      },
      "engines": {
        "node": "^18.19.0 || >=20.6.0"
      },
      "peerDependencies": {
        "@opentelemetry/api": "^1.3.0"
      }
    },
    "node_modules/@opentelemetry/instrumentation-undici": {
      "version": "0.21.0",
      "resolved": "https://registry.npmjs.org/@opentelemetry/instrumentation-undici/-/instrumentation-undici-0.21.0.tgz",
      "integrity": "sha512-gok0LPUOTz2FQ1YJMZzaHcOzDFyT64XJ8M9rNkugk923/p6lDGms/cRW1cqgqp6N6qcd6K6YdVHwPEhnx9BWbw==",
      "license": "Apache-2.0",
      "dependencies": {
        "@opentelemetry/core": "^2.0.0",
        "@opentelemetry/instrumentation": "^0.211.0",
        "@opentelemetry/semantic-conventions": "^1.24.0"
      },
      "engines": {
        "node": "^18.19.0 || >=20.6.0"
      },
      "peerDependencies": {
        "@opentelemetry/api": "^1.7.0"
      }
    },
    "node_modules/@opentelemetry/redis-common": {
      "version": "0.38.2",
      "resolved": "https://registry.npmjs.org/@opentelemetry/redis-common/-/redis-common-0.38.2.tgz",
      "integrity": "sha512-1BCcU93iwSRZvDAgwUxC/DV4T/406SkMfxGqu5ojc3AvNI+I9GhV7v0J1HljsczuuhcnFLYqD5VmwVXfCGHzxA==",
      "license": "Apache-2.0",
      "engines": {
        "node": "^18.19.0 || >=20.6.0"
      }
    },
    "node_modules/@opentelemetry/resources": {
      "version": "2.5.0",
      "resolved": "https://registry.npmjs.org/@opentelemetry/resources/-/resources-2.5.0.tgz",
      "integrity": "sha512-F8W52ApePshpoSrfsSk1H2yJn9aKjCrbpQF1M9Qii0GHzbfVeFUB+rc3X4aggyZD8x9Gu3Slua+s6krmq6Dt8g==",
      "license": "Apache-2.0",
      "peer": true,
      "dependencies": {
        "@opentelemetry/core": "2.5.0",
        "@opentelemetry/semantic-conventions": "^1.29.0"
      },
      "engines": {
        "node": "^18.19.0 || >=20.6.0"
      },
      "peerDependencies": {
        "@opentelemetry/api": ">=1.3.0 <1.10.0"
      }
    },
    "node_modules/@opentelemetry/sdk-trace-base": {
      "version": "2.5.0",
      "resolved": "https://registry.npmjs.org/@opentelemetry/sdk-trace-base/-/sdk-trace-base-2.5.0.tgz",
      "integrity": "sha512-VzRf8LzotASEyNDUxTdaJ9IRJ1/h692WyArDBInf5puLCjxbICD6XkHgpuudis56EndyS7LYFmtTMny6UABNdQ==",
      "license": "Apache-2.0",
      "peer": true,
      "dependencies": {
        "@opentelemetry/core": "2.5.0",
        "@opentelemetry/resources": "2.5.0",
        "@opentelemetry/semantic-conventions": "^1.29.0"
      },
      "engines": {
        "node": "^18.19.0 || >=20.6.0"
      },
      "peerDependencies": {
        "@opentelemetry/api": ">=1.3.0 <1.10.0"
      }
    },
    "node_modules/@opentelemetry/semantic-conventions": {
      "version": "1.39.0",
      "resolved": "https://registry.npmjs.org/@opentelemetry/semantic-conventions/-/semantic-conventions-1.39.0.tgz",
      "integrity": "sha512-R5R9tb2AXs2IRLNKLBJDynhkfmx7mX0vi8NkhZb3gUkPWHn6HXk5J8iQ/dql0U3ApfWym4kXXmBDRGO+oeOfjg==",
      "license": "Apache-2.0",
      "peer": true,
      "engines": {
        "node": ">=14"
      }
    },
    "node_modules/@opentelemetry/sql-common": {
      "version": "0.41.2",
      "resolved": "https://registry.npmjs.org/@opentelemetry/sql-common/-/sql-common-0.41.2.tgz",
      "integrity": "sha512-4mhWm3Z8z+i508zQJ7r6Xi7y4mmoJpdvH0fZPFRkWrdp5fq7hhZ2HhYokEOLkfqSMgPR4Z9EyB3DBkbKGOqZiQ==",
      "license": "Apache-2.0",
      "dependencies": {
        "@opentelemetry/core": "^2.0.0"
      },
      "engines": {
        "node": "^18.19.0 || >=20.6.0"
      },
      "peerDependencies": {
        "@opentelemetry/api": "^1.1.0"
      }
    },
    "node_modules/@prisma/instrumentation": {
      "version": "7.2.0",
      "resolved": "https://registry.npmjs.org/@prisma/instrumentation/-/instrumentation-7.2.0.tgz",
      "integrity": "sha512-Rh9Z4x5kEj1OdARd7U18AtVrnL6rmLSI0qYShaB4W7Wx5BKbgzndWF+QnuzMb7GLfVdlT5aYCXoPQVYuYtVu0g==",
      "license": "Apache-2.0",
      "dependencies": {
        "@opentelemetry/instrumentation": "^0.207.0"
      },
      "peerDependencies": {
        "@opentelemetry/api": "^1.8"
      }
    },
    "node_modules/@prisma/instrumentation/node_modules/@opentelemetry/api-logs": {
      "version": "0.207.0",
      "resolved": "https://registry.npmjs.org/@opentelemetry/api-logs/-/api-logs-0.207.0.tgz",
      "integrity": "sha512-lAb0jQRVyleQQGiuuvCOTDVspc14nx6XJjP4FspJ1sNARo3Regq4ZZbrc3rN4b1TYSuUCvgH+UXUPug4SLOqEQ==",
      "license": "Apache-2.0",
      "dependencies": {
        "@opentelemetry/api": "^1.3.0"
      },
      "engines": {
        "node": ">=8.0.0"
      }
    },
    "node_modules/@prisma/instrumentation/node_modules/@opentelemetry/instrumentation": {
      "version": "0.207.0",
      "resolved": "https://registry.npmjs.org/@opentelemetry/instrumentation/-/instrumentation-0.207.0.tgz",
      "integrity": "sha512-y6eeli9+TLKnznrR8AZlQMSJT7wILpXH+6EYq5Vf/4Ao+huI7EedxQHwRgVUOMLFbe7VFDvHJrX9/f4lcwnJsA==",
      "license": "Apache-2.0",
      "dependencies": {
        "@opentelemetry/api-logs": "0.207.0",
        "import-in-the-middle": "^2.0.0",
        "require-in-the-middle": "^8.0.0"
      },
      "engines": {
        "node": "^18.19.0 || >=20.6.0"
      },
      "peerDependencies": {
        "@opentelemetry/api": "^1.3.0"
      }
    },
    "node_modules/@sentry/core": {
      "version": "10.38.0",
      "resolved": "https://registry.npmjs.org/@sentry/core/-/core-10.38.0.tgz",
      "integrity": "sha512-1pubWDZE5y5HZEPMAZERP4fVl2NH3Ihp1A+vMoVkb3Qc66Diqj1WierAnStlZP7tCx0TBa0dK85GTW/ZFYyB9g==",
      "license": "MIT",
      "engines": {
        "node": ">=18"
      }
    },
    "node_modules/@sentry/node": {
      "version": "10.38.0",
      "resolved": "https://registry.npmjs.org/@sentry/node/-/node-10.38.0.tgz",
      "integrity": "sha512-wriyDtWDAoatn8EhOj0U4PJR1WufiijTsCGALqakOHbFiadtBJANLe6aSkXoXT4tegw59cz1wY4NlzHjYksaPw==",
      "license": "MIT",
      "dependencies": {
        "@opentelemetry/api": "^1.9.0",
        "@opentelemetry/context-async-hooks": "^2.5.0",
        "@opentelemetry/core": "^2.5.0",
        "@opentelemetry/instrumentation": "^0.211.0",
        "@opentelemetry/instrumentation-amqplib": "0.58.0",
        "@opentelemetry/instrumentation-connect": "0.54.0",
        "@opentelemetry/instrumentation-dataloader": "0.28.0",
        "@opentelemetry/instrumentation-express": "0.59.0",
        "@opentelemetry/instrumentation-fs": "0.30.0",
        "@opentelemetry/instrumentation-generic-pool": "0.54.0",
        "@opentelemetry/instrumentation-graphql": "0.58.0",
        "@opentelemetry/instrumentation-hapi": "0.57.0",
        "@opentelemetry/instrumentation-http": "0.211.0",
        "@opentelemetry/instrumentation-ioredis": "0.59.0",
        "@opentelemetry/instrumentation-kafkajs": "0.20.0",
        "@opentelemetry/instrumentation-knex": "0.55.0",
        "@opentelemetry/instrumentation-koa": "0.59.0",
        "@opentelemetry/instrumentation-lru-memoizer": "0.55.0",
        "@opentelemetry/instrumentation-mongodb": "0.64.0",
        "@opentelemetry/instrumentation-mongoose": "0.57.0",
        "@opentelemetry/instrumentation-mysql": "0.57.0",
        "@opentelemetry/instrumentation-mysql2": "0.57.0",
        "@opentelemetry/instrumentation-pg": "0.63.0",
        "@opentelemetry/instrumentation-redis": "0.59.0",
        "@opentelemetry/instrumentation-tedious": "0.30.0",
        "@opentelemetry/instrumentation-undici": "0.21.0",
        "@opentelemetry/resources": "^2.5.0",
        "@opentelemetry/sdk-trace-base": "^2.5.0",
        "@opentelemetry/semantic-conventions": "^1.39.0",
        "@prisma/instrumentation": "7.2.0",
        "@sentry/core": "10.38.0",
        "@sentry/node-core": "10.38.0",
        "@sentry/opentelemetry": "10.38.0",
        "import-in-the-middle": "^2.0.6",
        "minimatch": "^9.0.0"
      },
      "engines": {
        "node": ">=18"
      }
    },
    "node_modules/@sentry/node-core": {
      "version": "10.38.0",
      "resolved": "https://registry.npmjs.org/@sentry/node-core/-/node-core-10.38.0.tgz",
      "integrity": "sha512-ErXtpedrY1HghgwM6AliilZPcUCoNNP1NThdO4YpeMq04wMX9/GMmFCu46TnCcg6b7IFIOSr2S4yD086PxLlHQ==",
      "license": "MIT",
      "dependencies": {
        "@apm-js-collab/tracing-hooks": "^0.3.1",
        "@sentry/core": "10.38.0",
        "@sentry/opentelemetry": "10.38.0",
        "import-in-the-middle": "^2.0.6"
      },
      "engines": {
        "node": ">=18"
      },
      "peerDependencies": {
        "@opentelemetry/api": "^1.9.0",
        "@opentelemetry/context-async-hooks": "^1.30.1 || ^2.1.0",
        "@opentelemetry/core": "^1.30.1 || ^2.1.0",
        "@opentelemetry/instrumentation": ">=0.57.1 <1",
        "@opentelemetry/resources": "^1.30.1 || ^2.1.0",
        "@opentelemetry/sdk-trace-base": "^1.30.1 || ^2.1.0",
        "@opentelemetry/semantic-conventions": "^1.39.0"
      }
    },
    "node_modules/@sentry/opentelemetry": {
      "version": "10.38.0",
      "resolved": "https://registry.npmjs.org/@sentry/opentelemetry/-/opentelemetry-10.38.0.tgz",
      "integrity": "sha512-YPVhWfYmC7nD3EJqEHGtjp4fp5LwtAbE5rt9egQ4hqJlYFvr8YEz9sdoqSZxO0cZzgs2v97HFl/nmWAXe52G2Q==",
      "license": "MIT",
      "dependencies": {
        "@sentry/core": "10.38.0"
      },
      "engines": {
        "node": ">=18"
      },
      "peerDependencies": {
        "@opentelemetry/api": "^1.9.0",
        "@opentelemetry/context-async-hooks": "^1.30.1 || ^2.1.0",
        "@opentelemetry/core": "^1.30.1 || ^2.1.0",
        "@opentelemetry/sdk-trace-base": "^1.30.1 || ^2.1.0",
        "@opentelemetry/semantic-conventions": "^1.39.0"
      }
    },
    "node_modules/@types/connect": {
      "version": "3.4.38",
      "resolved": "https://registry.npmjs.org/@types/connect/-/connect-3.4.38.tgz",
      "integrity": "sha512-K6uROf1LD88uDQqJCktA4yzL1YYAK6NgfsI0v/mTgyPKWsX1CnJ0XPSDhViejru1GcRkLWb8RlzFYJRqGUbaug==",
      "license": "MIT",
      "dependencies": {
        "@types/node": "*"
      }
    },
    "node_modules/@types/mysql": {
      "version": "2.15.27",
      "resolved": "https://registry.npmjs.org/@types/mysql/-/mysql-2.15.27.tgz",
      "integrity": "sha512-YfWiV16IY0OeBfBCk8+hXKmdTKrKlwKN1MNKAPBu5JYxLwBEZl7QzeEpGnlZb3VMGJrrGmB84gXiH+ofs/TezA==",
      "license": "MIT",
      "dependencies": {
        "@types/node": "*"
      }
    },
    "node_modules/@types/node": {
      "version": "25.2.0",
      "resolved": "https://registry.npmjs.org/@types/node/-/node-25.2.0.tgz",
      "integrity": "sha512-DZ8VwRFUNzuqJ5khrvwMXHmvPe+zGayJhr2CDNiKB1WBE1ST8Djl00D0IC4vvNmHMdj6DlbYRIaFE7WHjlDl5w==",
      "license": "MIT",
      "dependencies": {
        "undici-types": "~7.16.0"
      }
    },
    "node_modules/@types/pg": {
      "version": "8.15.6",
      "resolved": "https://registry.npmjs.org/@types/pg/-/pg-8.15.6.tgz",
      "integrity": "sha512-NoaMtzhxOrubeL/7UZuNTrejB4MPAJ0RpxZqXQf2qXuVlTPuG6Y8p4u9dKRaue4yjmC7ZhzVO2/Yyyn25znrPQ==",
      "license": "MIT",
      "dependencies": {
        "@types/node": "*",
        "pg-protocol": "*",
        "pg-types": "^2.2.0"
      }
    },
    "node_modules/@types/pg-pool": {
      "version": "2.0.7",
      "resolved": "https://registry.npmjs.org/@types/pg-pool/-/pg-pool-2.0.7.tgz",
      "integrity": "sha512-U4CwmGVQcbEuqpyju8/ptOKg6gEC+Tqsvj2xS9o1g71bUh8twxnC6ZL5rZKCsGN0iyH0CwgUyc9VR5owNQF9Ng==",
      "license": "MIT",
      "dependencies": {
        "@types/pg": "*"
      }
    },
    "node_modules/@types/tedious": {
      "version": "4.0.14",
      "resolved": "https://registry.npmjs.org/@types/tedious/-/tedious-4.0.14.tgz",
      "integrity": "sha512-KHPsfX/FoVbUGbyYvk1q9MMQHLPeRZhRJZdO45Q4YjvFkv4hMNghCWTvy7rdKessBsmtz4euWCWAB6/tVpI1Iw==",
      "license": "MIT",
      "dependencies": {
        "@types/node": "*"
      }
    },
    "node_modules/acorn": {
      "version": "8.15.0",
      "resolved": "https://registry.npmjs.org/acorn/-/acorn-8.15.0.tgz",
      "integrity": "sha512-NZyJarBfL7nWwIq+FDL6Zp/yHEhePMNnnJ0y3qfieCrmNvYct8uvtiV41UvlSe6apAfk0fY1FbWx+NwfmpvtTg==",
      "license": "MIT",
      "peer": true,
      "bin": {
        "acorn": "bin/acorn"
      },
      "engines": {
        "node": ">=0.4.0"
      }
    },
    "node_modules/acorn-import-attributes": {
      "version": "1.9.5",
      "resolved": "https://registry.npmjs.org/acorn-import-attributes/-/acorn-import-attributes-1.9.5.tgz",
      "integrity": "sha512-n02Vykv5uA3eHGM/Z2dQrcD56kL8TyDb2p1+0P83PClMnC/nc+anbQRhIOWnSq4Ke/KvDPrY3C9hDtC/A3eHnQ==",
      "license": "MIT",
      "peerDependencies": {
        "acorn": "^8"
      }
    },
    "node_modules/balanced-match": {
      "version": "1.0.2",
      "resolved": "https://registry.npmjs.org/balanced-match/-/balanced-match-1.0.2.tgz",
      "integrity": "sha512-3oSeUO0TMV67hN1AmbXsK4yaqU7tjiHlbxRDZOpH0KW9+CeX4bRAaX0Anxt0tx2MrpRpWwQaPwIlISEJhYU5Pw==",
      "license": "MIT"
    },
    "node_modules/brace-expansion": {
      "version": "2.0.2",
      "resolved": "https://registry.npmjs.org/brace-expansion/-/brace-expansion-2.0.2.tgz",
      "integrity": "sha512-Jt0vHyM+jmUBqojB7E1NIYadt0vI0Qxjxd2TErW94wDz+E2LAm5vKMXXwg6ZZBTHPuUlDgQHKXvjGBdfcF1ZDQ==",
      "license": "MIT",
      "dependencies": {
        "balanced-match": "^1.0.0"
      }
    },
    "node_modules/cjs-module-lexer": {
      "version": "2.2.0",
      "resolved": "https://registry.npmjs.org/cjs-module-lexer/-/cjs-module-lexer-2.2.0.tgz",
      "integrity": "sha512-4bHTS2YuzUvtoLjdy+98ykbNB5jS0+07EvFNXerqZQJ89F7DI6ET7OQo/HJuW6K0aVsKA9hj9/RVb2kQVOrPDQ==",
      "license": "MIT"
    },
    "node_modules/debug": {
      "version": "4.4.3",
      "resolved": "https://registry.npmjs.org/debug/-/debug-4.4.3.tgz",
      "integrity": "sha512-RGwwWnwQvkVfavKVt22FGLw+xYSdzARwm0ru6DhTVA3umU5hZc28V3kO4stgYryrTlLpuvgI9GiijltAjNbcqA==",
      "license": "MIT",
      "dependencies": {
        "ms": "^2.1.3"
      },
      "engines": {
        "node": ">=6.0"
      },
      "peerDependenciesMeta": {
        "supports-color": {
          "optional": true
        }
      }
    },
    "node_modules/forwarded-parse": {
      "version": "2.1.2",
      "resolved": "https://registry.npmjs.org/forwarded-parse/-/forwarded-parse-2.1.2.tgz",
      "integrity": "sha512-alTFZZQDKMporBH77856pXgzhEzaUVmLCDk+egLgIgHst3Tpndzz8MnKe+GzRJRfvVdn69HhpW7cmXzvtLvJAw==",
      "license": "MIT"
    },
    "node_modules/import-in-the-middle": {
      "version": "2.0.6",
      "resolved": "https://registry.npmjs.org/import-in-the-middle/-/import-in-the-middle-2.0.6.tgz",
      "integrity": "sha512-3vZV3jX0XRFW3EJDTwzWoZa+RH1b8eTTx6YOCjglrLyPuepwoBti1k3L2dKwdCUrnVEfc5CuRuGstaC/uQJJaw==",
      "license": "Apache-2.0",
      "dependencies": {
        "acorn": "^8.15.0",
        "acorn-import-attributes": "^1.9.5",
        "cjs-module-lexer": "^2.2.0",
        "module-details-from-path": "^1.0.4"
      }
    },
    "node_modules/minimatch": {
      "version": "9.0.5",
      "resolved": "https://registry.npmjs.org/minimatch/-/minimatch-9.0.5.tgz",
      "integrity": "sha512-G6T0ZX48xgozx7587koeX9Ys2NYy6Gmv//P89sEte9V9whIapMNF4idKxnW2QtCcLiTWlb/wfCabAtAFWhhBow==",
      "license": "ISC",
      "dependencies": {
        "brace-expansion": "^2.0.1"
      },
      "engines": {
        "node": ">=16 || 14 >=14.17"
      },
      "funding": {
        "url": "https://github.com/sponsors/isaacs"
      }
    },
    "node_modules/module-details-from-path": {
      "version": "1.0.4",
      "resolved": "https://registry.npmjs.org/module-details-from-path/-/module-details-from-path-1.0.4.tgz",
      "integrity": "sha512-EGWKgxALGMgzvxYF1UyGTy0HXX/2vHLkw6+NvDKW2jypWbHpjQuj4UMcqQWXHERJhVGKikolT06G3bcKe4fi7w==",
      "license": "MIT"
    },
    "node_modules/ms": {
      "version": "2.1.3",
      "resolved": "https://registry.npmjs.org/ms/-/ms-2.1.3.tgz",
      "integrity": "sha512-6FlzubTLZG3J2a/NVCAleEhjzq5oxgHyaCU9yYXvcLsvoVaHJq/s5xXI6/XXP6tz7R9xAOtHnSO/tXtF3WRTlA==",
      "license": "MIT"
    },
    "node_modules/pg-int8": {
      "version": "1.0.1",
      "resolved": "https://registry.npmjs.org/pg-int8/-/pg-int8-1.0.1.tgz",
      "integrity": "sha512-WCtabS6t3c8SkpDBUlb1kjOs7l66xsGdKpIPZsg4wR+B3+u9UAum2odSsF9tnvxg80h4ZxLWMy4pRjOsFIqQpw==",
      "license": "ISC",
      "engines": {
        "node": ">=4.0.0"
      }
    },
    "node_modules/pg-protocol": {
      "version": "1.11.0",
      "resolved": "https://registry.npmjs.org/pg-protocol/-/pg-protocol-1.11.0.tgz",
      "integrity": "sha512-pfsxk2M9M3BuGgDOfuy37VNRRX3jmKgMjcvAcWqNDpZSf4cUmv8HSOl5ViRQFsfARFn0KuUQTgLxVMbNq5NW3g==",
      "license": "MIT"
    },
    "node_modules/pg-types": {
      "version": "2.2.0",
      "resolved": "https://registry.npmjs.org/pg-types/-/pg-types-2.2.0.tgz",
      "integrity": "sha512-qTAAlrEsl8s4OiEQY69wDvcMIdQN6wdz5ojQiOy6YRMuynxenON0O5oCpJI6lshc6scgAY8qvJ2On/p+CXY0GA==",
      "license": "MIT",
      "dependencies": {
        "pg-int8": "1.0.1",
        "postgres-array": "~2.0.0",
        "postgres-bytea": "~1.0.0",
        "postgres-date": "~1.0.4",
        "postgres-interval": "^1.1.0"
      },
      "engines": {
        "node": ">=4"
      }
    },
    "node_modules/postgres-array": {
      "version": "2.0.0",
      "resolved": "https://registry.npmjs.org/postgres-array/-/postgres-array-2.0.0.tgz",
      "integrity": "sha512-VpZrUqU5A69eQyW2c5CA1jtLecCsN2U/bD6VilrFDWq5+5UIEVO7nazS3TEcHf1zuPYO/sqGvUvW62g86RXZuA==",
      "license": "MIT",
      "engines": {
        "node": ">=4"
      }
    },
    "node_modules/postgres-bytea": {
      "version": "1.0.1",
      "resolved": "https://registry.npmjs.org/postgres-bytea/-/postgres-bytea-1.0.1.tgz",
      "integrity": "sha512-5+5HqXnsZPE65IJZSMkZtURARZelel2oXUEO8rH83VS/hxH5vv1uHquPg5wZs8yMAfdv971IU+kcPUczi7NVBQ==",
      "license": "MIT",
      "engines": {
        "node": ">=0.10.0"
      }
    },
    "node_modules/postgres-date": {
      "version": "1.0.7",
      "resolved": "https://registry.npmjs.org/postgres-date/-/postgres-date-1.0.7.tgz",
      "integrity": "sha512-suDmjLVQg78nMK2UZ454hAG+OAW+HQPZ6n++TNDUX+L0+uUlLywnoxJKDou51Zm+zTCjrCl0Nq6J9C5hP9vK/Q==",
      "license": "MIT",
      "engines": {
        "node": ">=0.10.0"
      }
    },
    "node_modules/postgres-interval": {
      "version": "1.2.0",
      "resolved": "https://registry.npmjs.org/postgres-interval/-/postgres-interval-1.2.0.tgz",
      "integrity": "sha512-9ZhXKM/rw350N1ovuWHbGxnGh/SNJ4cnxHiM0rxE4VN41wsg8P8zWn9hv/buK00RP4WvlOyr/RBDiptyxVbkZQ==",
      "license": "MIT",
      "dependencies": {
        "xtend": "^4.0.0"
      },
      "engines": {
        "node": ">=0.10.0"
      }
    },
    "node_modules/require-in-the-middle": {
      "version": "8.0.1",
      "resolved": "https://registry.npmjs.org/require-in-the-middle/-/require-in-the-middle-8.0.1.tgz",
      "integrity": "sha512-QT7FVMXfWOYFbeRBF6nu+I6tr2Tf3u0q8RIEjNob/heKY/nh7drD/k7eeMFmSQgnTtCzLDcCu/XEnpW2wk4xCQ==",
      "license": "MIT",
      "dependencies": {
        "debug": "^4.3.5",
        "module-details-from-path": "^1.0.3"
      },
      "engines": {
        "node": ">=9.3.0 || >=8.10.0 <9.0.0"
      }
    },
    "node_modules/undici-types": {
      "version": "7.16.0",
      "resolved": "https://registry.npmjs.org/undici-types/-/undici-types-7.16.0.tgz",
      "integrity": "sha512-Zz+aZWSj8LE6zoxD+xrjh4VfkIG8Ya6LvYkZqtUQGJPZjYl53ypCaUwWqo7eI0x66KBGeRo+mlBEkMSeSZ38Nw==",
      "license": "MIT"
    },
    "node_modules/xtend": {
      "version": "4.0.2",
      "resolved": "https://registry.npmjs.org/xtend/-/xtend-4.0.2.tgz",
      "integrity": "sha512-LKYU1iAXJXUgAXn9URjiu+MWhyUXHsvfp7mcuYm9dSUKK0/CjtrUwFAxD82/mCWbtLsGjFIad0wIsod4zrTAEQ==",
      "license": "MIT",
      "engines": {
        "node": ">=0.4"
      }
    }
  }
}
