dependencies:
- name: postgresql
  repository: oci://registry-1.docker.io/bitnamicharts
  version: 16.7.14
- name: redis
  repository: oci://registry-1.docker.io/bitnamicharts
  version: 21.2.6
- name: minio
  repository: oci://registry-1.docker.io/bitnamicharts
  version: 17.0.9
digest: sha256:a735954c8b78fcf5b30689bdcdfed66b9be57135368ea696aff2b52ecd731474
generated: "2026-07-13T16:36:15.800113+01:00"
