dependencies:
- name: postgresql
  repository: oci://registry-1.docker.io/bitnamicharts
  version: 16.7.14
- name: redis
  repository: oci://registry-1.docker.io/bitnamicharts
  version: 21.2.6
- name: clickhouse
  repository: oci://registry-1.docker.io/bitnamicharts
  version: 9.3.7
- name: minio
  repository: oci://registry-1.docker.io/bitnamicharts
  version: 17.0.9
digest: sha256:681c9b5ed742a35fac108d40c32dab069320b1c22f0681c6ce354c0898274e22
generated: "2025-06-27T14:01:55.514480271+01:00"
